
Microsoft Visual Studio Solution File, Format Version 12.00
# Visual Studio Version 17
VisualStudioVersion = 17.11.35327.3
MinimumVisualStudioVersion = 10.0.40219.1
Project("{FAE04EC0-301F-11D3-BF4B-00C04F79EFBC}") = "Internship-3-OOP", "Internship-3-OOP\Internship-3-OOP.csproj", "{D6CF6E6C-D996-44BF-95AD-63C7A9DFC97D}"
EndProject
Global
	GlobalSection(SolutionConfigurationPlatforms) = preSolution
		Debug|Any CPU = Debug|Any CPU
		Release|Any CPU = Release|Any CPU
	EndGlobalSection
	GlobalSection(ProjectConfigurationPlatforms) = postSolution
		{D6CF6E6C-D996-44BF-95AD-63C7A9DFC97D}.Debug|Any CPU.ActiveCfg = Debug|Any CPU
		{D6CF6E6C-D996-44BF-95AD-63C7A9DFC97D}.Debug|Any CPU.Build.0 = Debug|Any CPU
		{D6CF6E6C-D996-44BF-95AD-63C7A9DFC97D}.Release|Any CPU.ActiveCfg = Release|Any CPU
		{D6CF6E6C-D996-44BF-95AD-63C7A9DFC97D}.Release|Any CPU.Build.0 = Release|Any CPU
	EndGlobalSection
	GlobalSection(SolutionProperties) = preSolution
		HideSolutionNode = FALSE
	EndGlobalSection
	GlobalSection(ExtensibilityGlobals) = postSolution
		SolutionGuid = {825B6EA4-95B0-46B8-AB10-98509EF5272F}
	EndGlobalSection
EndGlobal
